
Microsoft Visual Studio Solution File, Format Version 12.00
# Visual Studio 15
VisualStudioVersion = 15.0.28307.572
MinimumVisualStudioVersion = 10.0.40219.1
Project("{FAE04EC0-301F-11D3-BF4B-00C04F79EFBC}") = "AssetPicker", "AssetPicker\AssetPicker.csproj", "{87A19C20-3467-4D71-9D07-33FAFF4DC6D1}"
EndProject
Global
	GlobalSection(SolutionConfigurationPlatforms) = preSolution
		Debug|Any CPU = Debug|Any CPU
		Release|Any CPU = Release|Any CPU
	EndGlobalSection
	GlobalSection(ProjectConfigurationPlatforms) = postSolution
		{87A19C20-3467-4D71-9D07-33FAFF4DC6D1}.Debug|Any CPU.ActiveCfg = Debug|Any CPU
		{87A19C20-3467-4D71-9D07-33FAFF4DC6D1}.Debug|Any CPU.Build.0 = Debug|Any CPU
		{87A19C20-3467-4D71-9D07-33FAFF4DC6D1}.Release|Any CPU.ActiveCfg = Release|Any CPU
		{87A19C20-3467-4D71-9D07-33FAFF4DC6D1}.Release|Any CPU.Build.0 = Release|Any CPU
	EndGlobalSection
	GlobalSection(SolutionProperties) = preSolution
		HideSolutionNode = FALSE
	EndGlobalSection
	GlobalSection(ExtensibilityGlobals) = postSolution
		SolutionGuid = {EFCF023C-6D24-4C72-BB9D-8894953BBAB8}
	EndGlobalSection
EndGlobal
